// !$*UTF8*$!
{
	archiveVersion = 1;
	classes = {
	};
	objectVersion = 56;
	objects = {

/* Begin PBXBuildFile section */
		C560E10829E7587B00CE883C /* SwiftPerceptualHashAppApp.swift in Sources */ = {isa = PBXBuildFile; fileRef = C560E10729E7587B00CE883C /* SwiftPerceptualHashAppApp.swift */; };
		C560E10A29E7587B00CE883C /* ContentView.swift in Sources */ = {isa = PBXBuildFile; fileRef = C560E10929E7587B00CE883C /* ContentView.swift */; };
		C560E10C29E7587D00CE883C /* Assets.xcassets in Resources */ = {isa = PBXBuildFile; fileRef = C560E10B29E7587D00CE883C /* Assets.xcassets */; };
		C560E10F29E7587D00CE883C /* Preview Assets.xcassets in Resources */ = {isa = PBXBuildFile; fileRef = C560E10E29E7587D00CE883C /* Preview Assets.xcassets */; };
		C560E11729E7590900CE883C /* ProcessImage.swift in Sources */ = {isa = PBXBuildFile; fileRef = C560E11629E7590900CE883C /* ProcessImage.swift */; };
		C560E11929E7595B00CE883C /* TextureToImage.swift in Sources */ = {isa = PBXBuildFile; fileRef = C560E11829E7595B00CE883C /* TextureToImage.swift */; };
		C560E11B29E75B0700CE883C /* Grayscale.metal in Sources */ = {isa = PBXBuildFile; fileRef = C560E11A29E75B0700CE883C /* Grayscale.metal */; };
/* End PBXBuildFile section */

/* Begin PBXFileReference section */
		C560E10429E7587B00CE883C /* SwiftPerceptualHashApp.app */ = {isa = PBXFileReference; explicitFileType = wrapper.application; includeInIndex = 0; path = SwiftPerceptualHashApp.app; sourceTree = BUILT_PRODUCTS_DIR; };
		C560E10729E7587B00CE883C /* SwiftPerceptualHashAppApp.swift */ = {isa = PBXFileReference; lastKnownFileType = sourcecode.swift; path = SwiftPerceptualHashAppApp.swift; sourceTree = "<group>"; };
		C560E10929E7587B00CE883C /* ContentView.swift */ = {isa = PBXFileReference; lastKnownFileType = sourcecode.swift; path = ContentView.swift; sourceTree = "<group>"; };
		C560E10B29E7587D00CE883C /* Assets.xcassets */ = {isa = PBXFileReference; lastKnownFileType = folder.assetcatalog; path = Assets.xcassets; sourceTree = "<group>"; };
		C560E10E29E7587D00CE883C /* Preview Assets.xcassets */ = {isa = PBXFileReference; lastKnownFileType = folder.assetcatalog; path = "Preview Assets.xcassets"; sourceTree = "<group>"; };
		C560E11529E758BC00CE883C /* SwiftPerceptualHashApp.entitlements */ = {isa = PBXFileReference; lastKnownFileType = text.plist.entitlements; path = SwiftPerceptualHashApp.entitlements; sourceTree = "<group>"; };
		C560E11629E7590900CE883C /* ProcessImage.swift */ = {isa = PBXFileReference; lastKnownFileType = sourcecode.swift; path = ProcessImage.swift; sourceTree = "<group>"; };
		C560E11829E7595B00CE883C /* TextureToImage.swift */ = {isa = PBXFileReference; lastKnownFileType = sourcecode.swift; path = TextureToImage.swift; sourceTree = "<group>"; };
		C560E11A29E75B0700CE883C /* Grayscale.metal */ = {isa = PBXFileReference; lastKnownFileType = sourcecode.metal; path = Grayscale.metal; sourceTree = "<group>"; };
/* End PBXFileReference section */

/* Begin PBXFrameworksBuildPhase section */
		C560E10129E7587B00CE883C /* Frameworks */ = {
			isa = PBXFrameworksBuildPhase;
			buildActionMask = 2147483647;
			files = (
			);
			runOnlyForDeploymentPostprocessing = 0;
		};
/* End PBXFrameworksBuildPhase section */

/* Begin PBXGroup section */
		C560E0FB29E7587B00CE883C = {
			isa = PBXGroup;
			children = (
				C560E10629E7587B00CE883C /* SwiftPerceptualHashApp */,
				C560E10529E7587B00CE883C /* Products */,
			);
			sourceTree = "<group>";
		};
		C560E10529E7587B00CE883C /* Products */ = {
			isa = PBXGroup;
			children = (
				C560E10429E7587B00CE883C /* SwiftPerceptualHashApp.app */,
			);
			name = Products;
			sourceTree = "<group>";
		};
		C560E10629E7587B00CE883C /* SwiftPerceptualHashApp */ = {
			isa = PBXGroup;
			children = (
				C560E11529E758BC00CE883C /* SwiftPerceptualHashApp.entitlements */,
				C560E10729E7587B00CE883C /* SwiftPerceptualHashAppApp.swift */,
				C560E10929E7587B00CE883C /* ContentView.swift */,
				C560E11629E7590900CE883C /* ProcessImage.swift */,
				C560E11A29E75B0700CE883C /* Grayscale.metal */,
				C560E11829E7595B00CE883C /* TextureToImage.swift */,
				C560E10B29E7587D00CE883C /* Assets.xcassets */,
				C560E10D29E7587D00CE883C /* Preview Content */,
			);
			path = SwiftPerceptualHashApp;
			sourceTree = "<group>";
		};
		C560E10D29E7587D00CE883C /* Preview Content */ = {
			isa = PBXGroup;
			children = (
				C560E10E29E7587D00CE883C /* Preview Assets.xcassets */,
			);
			path = "Preview Content";
			sourceTree = "<group>";
		};
/* End PBXGroup section */

/* Begin PBXNativeTarget section */
		C560E10329E7587B00CE883C /* SwiftPerceptualHashApp */ = {
			isa = PBXNativeTarget;
			buildConfigurationList = C560E11229E7587D00CE883C /* Build configuration list for PBXNativeTarget "SwiftPerceptualHashApp" */;
			buildPhases = (
				C560E10029E7587B00CE883C /* Sources */,
				C560E10129E7587B00CE883C /* Frameworks */,
				C560E10229E7587B00CE883C /* Resources */,
			);
			buildRules = (
			);
			dependencies = (
			);
			name = SwiftPerceptualHashApp;
			productName = SwiftPerceptualHashApp;
			productReference = C560E10429E7587B00CE883C /* SwiftPerceptualHashApp.app */;
			productType = "com.apple.product-type.application";
		};
/* End PBXNativeTarget section */

/* Begin PBXProject section */
		C560E0FC29E7587B00CE883C /* Project object */ = {
			isa = PBXProject;
			attributes = {
				BuildIndependentTargetsInParallel = 1;
				LastSwiftUpdateCheck = 1430;
				LastUpgradeCheck = 1430;
				TargetAttributes = {
					C560E10329E7587B00CE883C = {
						CreatedOnToolsVersion = 14.3;
					};
				};
			};
			buildConfigurationList = C560E0FF29E7587B00CE883C /* Build configuration list for PBXProject "SwiftPerceptualHashApp" */;
			compatibilityVersion = "Xcode 14.0";
			developmentRegion = en;
			hasScannedForEncodings = 0;
			knownRegions = (
				en,
				Base,
			);
			mainGroup = C560E0FB29E7587B00CE883C;
			productRefGroup = C560E10529E7587B00CE883C /* Products */;
			projectDirPath = "";
			projectRoot = "";
			targets = (
				C560E10329E7587B00CE883C /* SwiftPerceptualHashApp */,
			);
		};
/* End PBXProject section */

/* Begin PBXResourcesBuildPhase section */
		C560E10229E7587B00CE883C /* Resources */ = {
			isa = PBXResourcesBuildPhase;
			buildActionMask = 2147483647;
			files = (
				C560E10F29E7587D00CE883C /* Preview Assets.xcassets in Resources */,
				C560E10C29E7587D00CE883C /* Assets.xcassets in Resources */,
			);
			runOnlyForDeploymentPostprocessing = 0;
		};
/* End PBXResourcesBuildPhase section */

/* Begin PBXSourcesBuildPhase section */
		C560E10029E7587B00CE883C /* Sources */ = {
			isa = PBXSourcesBuildPhase;
			buildActionMask = 2147483647;
			files = (
				C560E11729E7590900CE883C /* ProcessImage.swift in Sources */,
				C560E11B29E75B0700CE883C /* Grayscale.metal in Sources */,
				C560E10A29E7587B00CE883C /* ContentView.swift in Sources */,
				C560E11929E7595B00CE883C /* TextureToImage.swift in Sources */,
				C560E10829E7587B00CE883C /* SwiftPerceptualHashAppApp.swift in Sources */,
			);
			runOnlyForDeploymentPostprocessing = 0;
		};
/* End PBXSourcesBuildPhase section */

/* Begin XCBuildConfiguration section */
		C560E11029E7587D00CE883C /* Debug */ = {
			isa = XCBuildConfiguration;
			buildSettings = {
				ALWAYS_SEARCH_USER_PATHS = NO;
				CLANG_ANALYZER_NONNULL = YES;
				CLANG_ANALYZER_NUMBER_OBJECT_CONVERSION = YES_AGGRESSIVE;
				CLANG_CXX_LANGUAGE_STANDARD = "gnu++20";
				CLANG_ENABLE_MODULES = YES;
				CLANG_ENABLE_OBJC_ARC = YES;
				CLANG_ENABLE_OBJC_WEAK = YES;
				CLANG_WARN_BLOCK_CAPTURE_AUTORELEASING = YES;
				CLANG_WARN_BOOL_CONVERSION = YES;
				CLANG_WARN_COMMA = YES;
				CLANG_WARN_CONSTANT_CONVERSION = YES;
				CLANG_WARN_DEPRECATED_OBJC_IMPLEMENTATIONS = YES;
				CLANG_WARN_DIRECT_OBJC_ISA_USAGE = YES_ERROR;
				CLANG_WARN_DOCUMENTATION_COMMENTS = YES;
				CLANG_WARN_EMPTY_BODY = YES;
				CLANG_WARN_ENUM_CONVERSION = YES;
				CLANG_WARN_INFINITE_RECURSION = YES;
				CLANG_WARN_INT_CONVERSION = YES;
				CLANG_WARN_NON_LITERAL_NULL_CONVERSION = YES;
				CLANG_WARN_OBJC_IMPLICIT_RETAIN_SELF = YES;
				CLANG_WARN_OBJC_LITERAL_CONVERSION = YES;
				CLANG_WARN_OBJC_ROOT_CLASS = YES_ERROR;
				CLANG_WARN_QUOTED_INCLUDE_IN_FRAMEWORK_HEADER = YES;
				CLANG_WARN_RANGE_LOOP_ANALYSIS = YES;
				CLANG_WARN_STRICT_PROTOTYPES = YES;
				CLANG_WARN_SUSPICIOUS_MOVE = YES;
				CLANG_WARN_UNGUARDED_AVAILABILITY = YES_AGGRESSIVE;
				CLANG_WARN_UNREACHABLE_CODE = YES;
				CLANG_WARN__DUPLICATE_METHOD_MATCH = YES;
				COPY_PHASE_STRIP = NO;
				DEBUG_INFORMATION_FORMAT = dwarf;
				ENABLE_STRICT_OBJC_MSGSEND = YES;
				ENABLE_TESTABILITY = YES;
				GCC_C_LANGUAGE_STANDARD = gnu11;
				GCC_DYNAMIC_NO_PIC = NO;
				GCC_NO_COMMON_BLOCKS = YES;
				GCC_OPTIMIZATION_LEVEL = 0;
				GCC_PREPROCESSOR_DEFINITIONS = (
					"DEBUG=1",
					"$(inherited)",
				);
				GCC_WARN_64_TO_32_BIT_CONVERSION = YES;
				GCC_WARN_ABOUT_RETURN_TYPE = YES_ERROR;
				GCC_WARN_UNDECLARED_SELECTOR = YES;
				GCC_WARN_UNINITIALIZED_AUTOS = YES_AGGRESSIVE;
				GCC_WARN_UNUSED_FUNCTION = YES;
				GCC_WARN_UNUSED_VARIABLE = YES;
				IPHONEOS_DEPLOYMENT_TARGET = 16.4;
				MTL_ENABLE_DEBUG_INFO = INCLUDE_SOURCE;
				MTL_FAST_MATH = YES;
				ONLY_ACTIVE_ARCH = YES;
				SDKROOT = iphoneos;
				SWIFT_ACTIVE_COMPILATION_CONDITIONS = DEBUG;
				SWIFT_OPTIMIZATION_LEVEL = "-Onone";
			};
			name = Debug;
		};
		C560E11129E7587D00CE883C /* Release */ = {
			isa = XCBuildConfiguration;
			buildSettings = {
				ALWAYS_SEARCH_USER_PATHS = NO;
				CLANG_ANALYZER_NONNULL = YES;
				CLANG_ANALYZER_NUMBER_OBJECT_CONVERSION = YES_AGGRESSIVE;
				CLANG_CXX_LANGUAGE_STANDARD = "gnu++20";
				CLANG_ENABLE_MODULES = YES;
				CLANG_ENABLE_OBJC_ARC = YES;
				CLANG_ENABLE_OBJC_WEAK = YES;
				CLANG_WARN_BLOCK_CAPTURE_AUTORELEASING = YES;
				CLANG_WARN_BOOL_CONVERSION = YES;
				CLANG_WARN_COMMA = YES;
				CLANG_WARN_CONSTANT_CONVERSION = YES;
				CLANG_WARN_DEPRECATED_OBJC_IMPLEMENTATIONS = YES;
				CLANG_WARN_DIRECT_OBJC_ISA_USAGE = YES_ERROR;
				CLANG_WARN_DOCUMENTATION_COMMENTS = YES;
				CLANG_WARN_EMPTY_BODY = YES;
				CLANG_WARN_ENUM_CONVERSION = YES;
				CLANG_WARN_INFINITE_RECURSION = YES;
				CLANG_WARN_INT_CONVERSION = YES;
				CLANG_WARN_NON_LITERAL_NULL_CONVERSION = YES;
				CLANG_WARN_OBJC_IMPLICIT_RETAIN_SELF = YES;
				CLANG_WARN_OBJC_LITERAL_CONVERSION = YES;
				CLANG_WARN_OBJC_ROOT_CLASS = YES_ERROR;
				CLANG_WARN_QUOTED_INCLUDE_IN_FRAMEWORK_HEADER = YES;
				CLANG_WARN_RANGE_LOOP_ANALYSIS = YES;
				CLANG_WARN_STRICT_PROTOTYPES = YES;
				CLANG_WARN_SUSPICIOUS_MOVE = YES;
				CLANG_WARN_UNGUARDED_AVAILABILITY = YES_AGGRESSIVE;
				CLANG_WARN_UNREACHABLE_CODE = YES;
				CLANG_WARN__DUPLICATE_METHOD_MATCH = YES;
				COPY_PHASE_STRIP = NO;
				DEBUG_INFORMATION_FORMAT = "dwarf-with-dsym";
				ENABLE_NS_ASSERTIONS = NO;
				ENABLE_STRICT_OBJC_MSGSEND = YES;
				GCC_C_LANGUAGE_STANDARD = gnu11;
				GCC_NO_COMMON_BLOCKS = YES;
				GCC_WARN_64_TO_32_BIT_CONVERSION = YES;
				GCC_WARN_ABOUT_RETURN_TYPE = YES_ERROR;
				GCC_WARN_UNDECLARED_SELECTOR = YES;
				GCC_WARN_UNINITIALIZED_AUTOS = YES_AGGRESSIVE;
				GCC_WARN_UNUSED_FUNCTION = YES;
				GCC_WARN_UNUSED_VARIABLE = YES;
				IPHONEOS_DEPLOYMENT_TARGET = 16.4;
				MTL_ENABLE_DEBUG_INFO = NO;
				MTL_FAST_MATH = YES;
				SDKROOT = iphoneos;
				SWIFT_COMPILATION_MODE = wholemodule;
				SWIFT_OPTIMIZATION_LEVEL = "-O";
				VALIDATE_PRODUCT = YES;
			};
			name = Release;
		};
		C560E11329E7587D00CE883C /* Debug */ = {
			isa = XCBuildConfiguration;
			buildSettings = {
				ASSETCATALOG_COMPILER_APPICON_NAME = AppIcon;
				ASSETCATALOG_COMPILER_GLOBAL_ACCENT_COLOR_NAME = AccentColor;
				CODE_SIGN_ENTITLEMENTS = SwiftPerceptualHashApp/SwiftPerceptualHashApp.entitlements;
				CODE_SIGN_STYLE = Automatic;
				CURRENT_PROJECT_VERSION = 1;
				DEVELOPMENT_ASSET_PATHS = "\"SwiftPerceptualHashApp/Preview Content\"";
				DEVELOPMENT_TEAM = 4ND4CZC2FK;
				ENABLE_PREVIEWS = YES;
				GENERATE_INFOPLIST_FILE = YES;
				INFOPLIST_KEY_UIApplicationSceneManifest_Generation = YES;
				INFOPLIST_KEY_UIApplicationSupportsIndirectInputEvents = YES;
				INFOPLIST_KEY_UILaunchScreen_Generation = YES;
				INFOPLIST_KEY_UISupportedInterfaceOrientations_iPad = "UIInterfaceOrientationPortrait UIInterfaceOrientationPortraitUpsideDown UIInterfaceOrientationLandscapeLeft UIInterfaceOrientationLandscapeRight";
				INFOPLIST_KEY_UISupportedInterfaceOrientations_iPhone = "UIInterfaceOrientationPortrait UIInterfaceOrientationLandscapeLeft UIInterfaceOrientationLandscapeRight";
				IPHONEOS_DEPLOYMENT_TARGET = 16.0;
				LD_RUNPATH_SEARCH_PATHS = (
					"$(inherited)",
					"@executable_path/Frameworks",
				);
				MARKETING_VERSION = 1.0;
				PRODUCT_BUNDLE_IDENTIFIER = com.raulmonton.SwiftPerceptualHashApp;
				PRODUCT_NAME = "$(TARGET_NAME)";
				SUPPORTED_PLATFORMS = "iphoneos iphonesimulator";
				SUPPORTS_MACCATALYST = YES;
				SUPPORTS_MAC_DESIGNED_FOR_IPHONE_IPAD = NO;
				SWIFT_EMIT_LOC_STRINGS = YES;
				SWIFT_VERSION = 5.0;
				TARGETED_DEVICE_FAMILY = "1,2";
			};
			name = Debug;
		};
		C560E11429E7587D00CE883C /* Release */ = {
			isa = XCBuildConfiguration;
			buildSettings = {
				ASSETCATALOG_COMPILER_APPICON_NAME = AppIcon;
				ASSETCATALOG_COMPILER_GLOBAL_ACCENT_COLOR_NAME = AccentColor;
				CODE_SIGN_ENTITLEMENTS = SwiftPerceptualHashApp/SwiftPerceptualHashApp.entitlements;
				CODE_SIGN_STYLE = Automatic;
				CURRENT_PROJECT_VERSION = 1;
				DEVELOPMENT_ASSET_PATHS = "\"SwiftPerceptualHashApp/Preview Content\"";
				DEVELOPMENT_TEAM = 4ND4CZC2FK;
				ENABLE_PREVIEWS = YES;
				GENERATE_INFOPLIST_FILE = YES;
				INFOPLIST_KEY_UIApplicationSceneManifest_Generation = YES;
				INFOPLIST_KEY_UIApplicationSupportsIndirectInputEvents = YES;
				INFOPLIST_KEY_UILaunchScreen_Generation = YES;
				INFOPLIST_KEY_UISupportedInterfaceOrientations_iPad = "UIInterfaceOrientationPortrait UIInterfaceOrientationPortraitUpsideDown UIInterfaceOrientationLandscapeLeft UIInterfaceOrientationLandscapeRight";
				INFOPLIST_KEY_UISupportedInterfaceOrientations_iPhone = "UIInterfaceOrientationPortrait UIInterfaceOrientationLandscapeLeft UIInterfaceOrientationLandscapeRight";
				IPHONEOS_DEPLOYMENT_TARGET = 16.0;
				LD_RUNPATH_SEARCH_PATHS = (
					"$(inherited)",
					"@executable_path/Frameworks",
				);
				MARKETING_VERSION = 1.0;
				PRODUCT_BUNDLE_IDENTIFIER = com.raulmonton.SwiftPerceptualHashApp;
				PRODUCT_NAME = "$(TARGET_NAME)";
				SUPPORTED_PLATFORMS = "iphoneos iphonesimulator";
				SUPPORTS_MACCATALYST = YES;
				SUPPORTS_MAC_DESIGNED_FOR_IPHONE_IPAD = NO;
				SWIFT_EMIT_LOC_STRINGS = YES;
				SWIFT_VERSION = 5.0;
				TARGETED_DEVICE_FAMILY = "1,2";
			};
			name = Release;
		};
/* End XCBuildConfiguration section */

/* Begin XCConfigurationList section */
		C560E0FF29E7587B00CE883C /* Build configuration list for PBXProject "SwiftPerceptualHashApp" */ = {
			isa = XCConfigurationList;
			buildConfigurations = (
				C560E11029E7587D00CE883C /* Debug */,
				C560E11129E7587D00CE883C /* Release */,
			);
			defaultConfigurationIsVisible = 0;
			defaultConfigurationName = Release;
		};
		C560E11229E7587D00CE883C /* Build configuration list for PBXNativeTarget "SwiftPerceptualHashApp" */ = {
			isa = XCConfigurationList;
			buildConfigurations = (
				C560E11329E7587D00CE883C /* Debug */,
				C560E11429E7587D00CE883C /* Release */,
			);
			defaultConfigurationIsVisible = 0;
			defaultConfigurationName = Release;
		};
/* End XCConfigurationList section */
	};
	rootObject = C560E0FC29E7587B00CE883C /* Project object */;
}
